# THIS IS AN AUTOGENERATED FILE. DO NOT EDIT THIS FILE DIRECTLY.
# yarn lockfile v1


"@babel/helper-annotate-as-pure@^7.0.0":
  version "7.0.0"
  resolved "https://registry.yarnpkg.com/@babel/helper-annotate-as-pure/-/helper-annotate-as-pure-7.0.0.tgz#323d39dd0b50e10c7c06ca7d7638e6864d8c5c32"
  integrity sha512-3UYcJUj9kvSLbLbUIfQTqzcy5VX7GRZ/CCDrnOaZorFFM01aXp1+GJwuFGV4NDDoAS+mOUyHcO6UD/RfqOks3Q==
  dependencies:
    "@babel/types" "^7.0.0"

"@babel/helper-module-imports@^7.0.0":
  version "7.0.0"
  resolved "https://registry.yarnpkg.com/@babel/helper-module-imports/-/helper-module-imports-7.0.0.tgz#96081b7111e486da4d2cd971ad1a4fe216cc2e3d"
  integrity sha512-aP/hlLq01DWNEiDg4Jn23i+CXxW/owM4WpDLFUbpjxe4NS3BhLVZQ5i7E0ZrxuQ/vwekIeciyamgB1UIYxxM6A==
  dependencies:
    "@babel/types" "^7.0.0"

"@babel/types@^7.0.0":
  version "7.1.3"
  resolved "https://registry.yarnpkg.com/@babel/types/-/types-7.1.3.tgz#3a767004567060c2f40fca49a304712c525ee37d"
  integrity sha512-RpPOVfK+yatXyn8n4PB1NW6k9qjinrXrRR8ugBN8fD6hCy5RXI6PSbVqpOJBO9oSaY7Nom4ohj35feb0UR9hSA==
  dependencies:
    esutils "^2.0.2"
    lodash "^4.17.10"
    to-fast-properties "^2.0.0"

"@emotion/is-prop-valid@^0.7.3":
  version "0.7.3"
  resolved "https://registry.yarnpkg.com/@emotion/is-prop-valid/-/is-prop-valid-0.7.3.tgz#a6bf4fa5387cbba59d44e698a4680f481a8da6cc"
  integrity sha512-uxJqm/sqwXw3YPA5GXX365OBcJGFtxUVkB6WyezqFHlNe9jqUWH5ur2O2M8dGBz61kn1g3ZBlzUunFQXQIClhA==
  dependencies:
    "@emotion/memoize" "0.7.1"

"@emotion/memoize@0.7.1":
  version "0.7.1"
  resolved "https://registry.yarnpkg.com/@emotion/memoize/-/memoize-0.7.1.tgz#e93c13942592cf5ef01aa8297444dc192beee52f"
  integrity sha512-Qv4LTqO11jepd5Qmlp3M1YEjBumoTHcHFdgPTQ+sFlIL5myi/7xu/POwP7IRu6odBdmLXdtIs1D6TuW6kbwbbg==

"@emotion/unitless@^0.7.0":
  version "0.7.3"
  resolved "https://registry.yarnpkg.com/@emotion/unitless/-/unitless-0.7.3.tgz#6310a047f12d21a1036fb031317219892440416f"
  integrity sha512-4zAPlpDEh2VwXswwr/t8xGNDGg8RQiPxtxZ3qQEXyQsBV39ptTdESCjuBvGze1nLMVrxmTIKmnO/nAV8Tqjjzg==

"@types/classnames@^2.2.7":
  version "2.2.7"
  resolved "https://registry.yarnpkg.com/@types/classnames/-/classnames-2.2.7.tgz#fb68cc9be8487e6ea5b13700e759bfbab7e0fefd"
  integrity sha512-rzOhiQ55WzAiFgXRtitP/ZUT8iVNyllEpylJ5zHzR4vArUvMB39GTk+Zon/uAM0JxEFAWnwsxC2gH8s+tZ3Myg==

"@types/date-fns@^2.6.0":
  version "2.6.0"
  resolved "https://registry.yarnpkg.com/@types/date-fns/-/date-fns-2.6.0.tgz#b062ca46562002909be0c63a6467ed173136acc1"
  integrity sha1-sGLKRlYgApCb4MY6ZGftFzE2rME=
  dependencies:
    date-fns "*"

"@types/is-mobile@^0.3.0":
  version "0.3.0"
  resolved "https://registry.yarnpkg.com/@types/is-mobile/-/is-mobile-0.3.0.tgz#821825eeddb9016c41dd11c0dd6d2db8621432fc"
  integrity sha512-gt0J1UOqdC5WbS1aX4fFQ6ga3pDhaXK5lqM7lnZnAI46hdAp3AVBymHmY3G3wy5e2v/MiSqV0Cu5qwhC0DhFPA==

"@types/jest-diff@*":
  version "20.0.1"
  resolved "https://registry.yarnpkg.com/@types/jest-diff/-/jest-diff-20.0.1.tgz#35cc15b9c4f30a18ef21852e255fdb02f6d59b89"
  integrity sha512-yALhelO3i0hqZwhjtcr6dYyaLoCHbAMshwtj6cGxTvHZAKXHsYGdff6E8EPw3xLKY0ELUTQ69Q1rQiJENnccMA==

"@types/jest@24.0.9":
  version "24.0.9"
  resolved "https://registry.yarnpkg.com/@types/jest/-/jest-24.0.9.tgz#74ce9cf337f25e189aa18f76ab3d65e8669b55f2"
  integrity sha512-k3OOeevcBYLR5pdsOv5g3OP94h3mrJmLPHFEPWgbbVy2tGv0TZ/TlygiC848ogXhK8NL0I5up7YYtwpCp8xCJA==
  dependencies:
    "@types/jest-diff" "*"

"@types/lodash@^4.14.122":
  version "4.14.122"
  resolved "https://registry.yarnpkg.com/@types/lodash/-/lodash-4.14.122.tgz#3e31394c38cf1e5949fb54c1192cbc406f152c6c"
  integrity sha512-9IdED8wU93ty8gP06ninox+42SBSJHp2IAamsSYMUY76mshRTeUsid/gtbl8ovnOwy8im41ib4cxTiIYMXGKew==

"@types/node@11.10.4":
  version "11.10.4"
  resolved "https://registry.yarnpkg.com/@types/node/-/node-11.10.4.tgz#3f5fc4f0f322805f009e00ab35a2ff3d6b778e42"
  integrity sha512-wa09itaLE8L705aXd8F80jnFpxz3Y1/KRHfKsYL2bPc0XF+wEWu8sR9n5bmeu8Ba1N9z2GRNzm/YdHcghLkLKg==

"@types/prop-types@*":
  version "15.7.0"
  resolved "https://registry.yarnpkg.com/@types/prop-types/-/prop-types-15.7.0.tgz#4c48fed958d6dcf9487195a0ef6456d5f6e0163a"
  integrity sha512-eItQyV43bj4rR3JPV0Skpl1SncRCdziTEK9/v8VwXmV6d/qOUO8/EuWeHBbCZcsfSHfzI5UyMJLCSXtxxznyZg==

"@types/react-dom@16.8.2":
  version "16.8.2"
  resolved "https://registry.yarnpkg.com/@types/react-dom/-/react-dom-16.8.2.tgz#9bd7d33f908b243ff0692846ef36c81d4941ad12"
  integrity sha512-MX7n1wq3G/De15RGAAqnmidzhr2Y9O/ClxPxyqaNg96pGyeXUYPSvujgzEVpLo9oIP4Wn1UETl+rxTN02KEpBw==
  dependencies:
    "@types/react" "*"

"@types/react-native@*":
  version "0.57.38"
  resolved "https://registry.yarnpkg.com/@types/react-native/-/react-native-0.57.38.tgz#2ff6ed1a7cc207afbfd87bf496513d96931d1446"
  integrity sha512-bmY2ad/vQgP0HMT7Q7EQzirDBt5ibp+kBHclTnY7/i5MrdqE1oY+3b9NkDg3ohXlumr7p5stAG6I55nhfeUV6Q==
  dependencies:
    "@types/prop-types" "*"
    "@types/react" "*"

"@types/react@*":
  version "16.8.6"
  resolved "https://registry.yarnpkg.com/@types/react/-/react-16.8.6.tgz#fa1de3fe56cc9b6afeddc73d093d7f30fd5e31cc"
  integrity sha512-bN9qDjEMltmHrl0PZRI4IF2AbB7V5UlRfG+OOduckVnRQ4VzXVSzy/1eLAh778IEqhTnW0mmgL9yShfinNverA==
  dependencies:
    "@types/prop-types" "*"
    csstype "^2.2.0"

"@types/react@16.8.4":
  version "16.8.4"
  resolved "https://registry.yarnpkg.com/@types/react/-/react-16.8.4.tgz#134307f5266e866d5e7c25e47f31f9abd5b2ea34"
  integrity sha512-Mpz1NNMJvrjf0GcDqiK8+YeOydXfD8Mgag3UtqQ5lXYTsMnOiHcKmO48LiSWMb1rSHB9MV/jlgyNzeAVxWMZRQ==
  dependencies:
    "@types/prop-types" "*"
    csstype "^2.2.0"

"@types/styled-components@^4.1.12":
  version "4.1.12"
  resolved "https://registry.yarnpkg.com/@types/styled-components/-/styled-components-4.1.12.tgz#62c19bd1aa37b1a904d36c179a0fec66c24ac99c"
  integrity sha512-Du0bltHm5sWkDnXzYi6cMNhnSKWHQW6//at359DtRJNfjeG1SdtqQPX6jiVtrUkBJ1JsjxqT18DssYBLJ/fg/A==
  dependencies:
    "@types/react" "*"
    "@types/react-native" "*"
    csstype "^2.2.0"

"@types/tinycolor2@^1.4.1":
  version "1.4.1"
  resolved "https://registry.yarnpkg.com/@types/tinycolor2/-/tinycolor2-1.4.1.tgz#2f5670c9d1d6e558897a810ed284b44918fc1253"
  integrity sha512-25L/RL5tqZkquKXVHM1fM2bd23qjfbcPpAZ2N/H05Y45g3UEi+Hw8CbDV28shKY8gH1SHiLpZSxPI1lacqdpGg==

"babel-plugin-styled-components@>= 1":
  version "1.10.0"
  resolved "https://registry.yarnpkg.com/babel-plugin-styled-components/-/babel-plugin-styled-components-1.10.0.tgz#ff1f42ad2cc78c21f26b62266b8f564dbc862939"
  integrity sha512-sQVKG8irFXx14ZfaK1bBePirfkacl3j8nZwSZK+ZjsbnadRHKQTbhXbe/RB1vT6Vgkz45E+V95LBq4KqdhZUNw==
  dependencies:
    "@babel/helper-annotate-as-pure" "^7.0.0"
    "@babel/helper-module-imports" "^7.0.0"
    babel-plugin-syntax-jsx "^6.18.0"
    lodash "^4.17.10"

babel-plugin-syntax-jsx@^6.18.0:
  version "6.18.0"
  resolved "https://registry.yarnpkg.com/babel-plugin-syntax-jsx/-/babel-plugin-syntax-jsx-6.18.0.tgz#0af32a9a6e13ca7a3fd5069e62d7b0f58d0d8946"
  integrity sha1-CvMqmm4Tyno/1QaeYtew9Y0NiUY=

camelize@^1.0.0:
  version "1.0.0"
  resolved "https://registry.yarnpkg.com/camelize/-/camelize-1.0.0.tgz#164a5483e630fa4321e5af07020e531831b2609b"
  integrity sha1-FkpUg+Yw+kMh5a8HAg5TGDGyYJs=

classnames@^2.2.6:
  version "2.2.6"
  resolved "https://registry.yarnpkg.com/classnames/-/classnames-2.2.6.tgz#43935bffdd291f326dad0a205309b38d00f650ce"
  integrity sha512-JR/iSQOSt+LQIWwrwEzJ9uk0xfN3mTVYMwt1Ir5mUcSN6pU+V4zQFFaJsclJbPuAUQH+yfWef6tm7l1quW3C8Q==

css-color-keywords@^1.0.0:
  version "1.0.0"
  resolved "https://registry.yarnpkg.com/css-color-keywords/-/css-color-keywords-1.0.0.tgz#fea2616dc676b2962686b3af8dbdbe180b244e05"
  integrity sha1-/qJhbcZ2spYmhrOvjb2+GAskTgU=

css-to-react-native@^2.2.2:
  version "2.3.0"
  resolved "https://registry.yarnpkg.com/css-to-react-native/-/css-to-react-native-2.3.0.tgz#bf80d24ec4a08e430306ef429c0586e6ed5485f7"
  integrity sha512-IhR7bNIrCFwbJbKZOAjNDZdwpsbjTN6f1agXeELHDqg1wHPA8c2QLruttKOW7hgMGetkfraRJCIEMrptifBfVw==
  dependencies:
    camelize "^1.0.0"
    css-color-keywords "^1.0.0"
    postcss-value-parser "^3.3.0"

csstype@^2.2.0:
  version "2.6.3"
  resolved "https://registry.yarnpkg.com/csstype/-/csstype-2.6.3.tgz#b701e5968245bf9b08d54ac83d00b624e622a9fa"
  integrity sha512-rINUZXOkcBmoHWEyu7JdHu5JMzkGRoMX4ov9830WNgxf5UYxcBUO0QTKAqeJ5EZfSdlrcJYkC8WwfVW7JYi4yg==

date-fns@*, date-fns@^1.30.1:
  version "1.30.1"
  resolved "https://registry.yarnpkg.com/date-fns/-/date-fns-1.30.1.tgz#2e71bf0b119153dbb4cc4e88d9ea5acfb50dc05c"
  integrity sha512-hBSVCvSmWC+QypYObzwGOd9wqdDpOt+0wl0KbU+R+uuZBS1jN8VsD1ss3irQDknRj5NvxiTF6oj/nDRnN/UQNw==

esutils@^2.0.2:
  version "2.0.2"
  resolved "https://registry.yarnpkg.com/esutils/-/esutils-2.0.2.tgz#0abf4f1caa5bcb1f7a9d8acc6dea4faaa04bac9b"
  integrity sha1-Cr9PHKpbyx96nYrMbepPqqBLrJs=

has-flag@^3.0.0:
  version "3.0.0"
  resolved "https://registry.yarnpkg.com/has-flag/-/has-flag-3.0.0.tgz#b5d454dc2199ae225699f3467e5a07f3b955bafd"
  integrity sha1-tdRU3CGZriJWmfNGfloH87lVuv0=

is-mobile@^2.0.0:
  version "2.0.0"
  resolved "https://registry.yarnpkg.com/is-mobile/-/is-mobile-2.0.0.tgz#4d0140e91bb4e26d7e0402ead2f8a79d1551b9d5"
  integrity sha512-k2+p7BBCzhqHMdYJwGUNNo+6zegGiMIVbM6bEPzxWXpQV6BUzV892UW0oDFgqxT6DygO7LdxRbwC0xmOhJdbew==

"js-tokens@^3.0.0 || ^4.0.0":
  version "4.0.0"
  resolved "https://registry.yarnpkg.com/js-tokens/-/js-tokens-4.0.0.tgz#19203fb59991df98e3a287050d4647cdeaf32499"
  integrity sha512-RdJUflcE3cUzKiMqQgsCu06FPu9UdIJO0beYbPhHN4k6apgJtifcoCtT9bcxOpYBtpD2kCM6Sbzg4CausW/PKQ==

lodash@^4.17.10, lodash@^4.17.11:
  version "4.17.11"
  resolved "https://registry.yarnpkg.com/lodash/-/lodash-4.17.11.tgz#b39ea6229ef607ecd89e2c8df12536891cac9b8d"
  integrity sha512-cQKh8igo5QUhZ7lg38DYWAxMvjSAKG0A8wGSVimP07SIUEK2UO+arSRKbRZWtelMtN5V0Hkwh5ryOto/SshYIg==

loose-envify@^1.1.0, loose-envify@^1.3.1, loose-envify@^1.4.0:
  version "1.4.0"
  resolved "https://registry.yarnpkg.com/loose-envify/-/loose-envify-1.4.0.tgz#71ee51fa7be4caec1a63839f7e682d8132d30caf"
  integrity sha512-lyuxPGr/Wfhrlem2CL/UcnUc1zcqKAImBDzukY7Y5F/yQiNdko6+fRLevlw1HgMySw7f611UIY408EtxRSoK3Q==
  dependencies:
    js-tokens "^3.0.0 || ^4.0.0"

memoize-one@^4.0.0:
  version "4.1.0"
  resolved "https://registry.yarnpkg.com/memoize-one/-/memoize-one-4.1.0.tgz#a2387c58c03fff27ca390c31b764a79addf3f906"
  integrity sha512-2GApq0yI/b22J2j9rhbrAlsHb0Qcz+7yWxeLG8h+95sl1XPUgeLimQSOdur4Vw7cUhrBHwaUZxWFZueojqNRzA==

object-assign@^4.1.1:
  version "4.1.1"
  resolved "https://registry.yarnpkg.com/object-assign/-/object-assign-4.1.1.tgz#2109adc7965887cfc05cbbd442cac8bfbb360863"
  integrity sha1-IQmtx5ZYh8/AXLvUQsrIv7s2CGM=

postcss-value-parser@^3.3.0:
  version "3.3.1"
  resolved "https://registry.yarnpkg.com/postcss-value-parser/-/postcss-value-parser-3.3.1.tgz#9ff822547e2893213cf1c30efa51ac5fd1ba8281"
  integrity sha512-pISE66AbVkp4fDQ7VHBwRNXzAAKJjw4Vw7nWI/+Q3vuly7SNfgYXvm6i5IgFylHGK5sP/xHAbB7N49OS4gWNyQ==

prop-types@^15.5.4:
  version "15.7.2"
  resolved "https://registry.yarnpkg.com/prop-types/-/prop-types-15.7.2.tgz#52c41e75b8c87e72b9d9360e0206b99dcbffa6c5"
  integrity sha512-8QQikdH7//R2vurIJSutZ1smHYTcLpRWEOlHnzcWHmBYrOGUysKwSsrC89BCiFj3CbrfJ/nXFdJepOVrY1GCHQ==
  dependencies:
    loose-envify "^1.4.0"
    object-assign "^4.1.1"
    react-is "^16.8.1"

prop-types@^15.6.2:
  version "15.6.2"
  resolved "https://registry.yarnpkg.com/prop-types/-/prop-types-15.6.2.tgz#05d5ca77b4453e985d60fc7ff8c859094a497102"
  integrity sha512-3pboPvLiWD7dkI3qf3KbUe6hKFKa52w+AE0VCqECtf+QHAKgOL37tTaNCnuX1nAAQ4ZhyP+kYVKf8rLmJ/feDQ==
  dependencies:
    loose-envify "^1.3.1"
    object-assign "^4.1.1"

react-dom@^16.8.4:
  version "16.8.4"
  resolved "https://registry.yarnpkg.com/react-dom/-/react-dom-16.8.4.tgz#1061a8e01a2b3b0c8160037441c3bf00a0e3bc48"
  integrity sha512-Ob2wK7XG2tUDt7ps7LtLzGYYB6DXMCLj0G5fO6WeEICtT4/HdpOi7W/xLzZnR6RCG1tYza60nMdqtxzA8FaPJQ==
  dependencies:
    loose-envify "^1.1.0"
    object-assign "^4.1.1"
    prop-types "^15.6.2"
    scheduler "^0.13.4"

react-is@^16.6.0, react-is@^16.8.1:
  version "16.8.4"
  resolved "https://registry.yarnpkg.com/react-is/-/react-is-16.8.4.tgz#90f336a68c3a29a096a3d648ab80e87ec61482a2"
  integrity sha512-PVadd+WaUDOAciICm/J1waJaSvgq+4rHE/K70j0PFqKhkTBsPv/82UGQJNXAngz1fOQLLxI6z1sEDmJDQhCTAA==

react@^16.8.4:
  version "16.8.4"
  resolved "https://registry.yarnpkg.com/react/-/react-16.8.4.tgz#fdf7bd9ae53f03a9c4cd1a371432c206be1c4768"
  integrity sha512-0GQ6gFXfUH7aZcjGVymlPOASTuSjlQL4ZtVC5YKH+3JL6bBLCVO21DknzmaPlI90LN253ojj02nsapy+j7wIjg==
  dependencies:
    loose-envify "^1.1.0"
    object-assign "^4.1.1"
    prop-types "^15.6.2"
    scheduler "^0.13.4"

scheduler@^0.13.4:
  version "0.13.4"
  resolved "https://registry.yarnpkg.com/scheduler/-/scheduler-0.13.4.tgz#8fef05e7a3580c76c0364d2df5e550e4c9140298"
  integrity sha512-cvSOlRPxOHs5dAhP9yiS/6IDmVAVxmk33f0CtTJRkmUWcb1Us+t7b1wqdzoC0REw2muC9V5f1L/w5R5uKGaepA==
  dependencies:
    loose-envify "^1.1.0"
    object-assign "^4.1.1"

styled-components@^4.1.3:
  version "4.1.3"
  resolved "https://registry.yarnpkg.com/styled-components/-/styled-components-4.1.3.tgz#4472447208e618b57e84deaaeb6acd34a5e0fe9b"
  integrity sha512-0quV4KnSfvq5iMtT0RzpMGl/Dg3XIxIxOl9eJpiqiq4SrAmR1l1DLzNpMzoy3DyzdXVDMJS2HzROnXscWA3SEw==
  dependencies:
    "@babel/helper-module-imports" "^7.0.0"
    "@emotion/is-prop-valid" "^0.7.3"
    "@emotion/unitless" "^0.7.0"
    babel-plugin-styled-components ">= 1"
    css-to-react-native "^2.2.2"
    memoize-one "^4.0.0"
    prop-types "^15.5.4"
    react-is "^16.6.0"
    stylis "^3.5.0"
    stylis-rule-sheet "^0.0.10"
    supports-color "^5.5.0"

stylis-rule-sheet@^0.0.10:
  version "0.0.10"
  resolved "https://registry.yarnpkg.com/stylis-rule-sheet/-/stylis-rule-sheet-0.0.10.tgz#44e64a2b076643f4b52e5ff71efc04d8c3c4a430"
  integrity sha512-nTbZoaqoBnmK+ptANthb10ZRZOGC+EmTLLUxeYIuHNkEKcmKgXX1XWKkUBT2Ac4es3NybooPe0SmvKdhKJZAuw==

stylis@^3.5.0:
  version "3.5.4"
  resolved "https://registry.yarnpkg.com/stylis/-/stylis-3.5.4.tgz#f665f25f5e299cf3d64654ab949a57c768b73fbe"
  integrity sha512-8/3pSmthWM7lsPBKv7NXkzn2Uc9W7NotcwGNpJaa3k7WMM1XDCA4MgT5k/8BIexd5ydZdboXtU90XH9Ec4Bv/Q==

supports-color@^5.5.0:
  version "5.5.0"
  resolved "https://registry.yarnpkg.com/supports-color/-/supports-color-5.5.0.tgz#e2e69a44ac8772f78a1ec0b35b689df6530efc8f"
  integrity sha512-QjVjwdXIt408MIiAqCX4oUKsgU2EqAGzs2Ppkm4aQYbjm+ZEWEcW4SfFNTr4uMNZma0ey4f5lgLrkB0aX0QMow==
  dependencies:
    has-flag "^3.0.0"

tinycolor2@^1.4.1:
  version "1.4.1"
  resolved "https://registry.yarnpkg.com/tinycolor2/-/tinycolor2-1.4.1.tgz#f4fad333447bc0b07d4dc8e9209d8f39a8ac77e8"
  integrity sha1-9PrTM0R7wLB9TcjpIJ2POaisd+g=

to-fast-properties@^2.0.0:
  version "2.0.0"
  resolved "https://registry.yarnpkg.com/to-fast-properties/-/to-fast-properties-2.0.0.tgz#dc5e698cbd079265bc73e0377681a4e4e83f616e"
  integrity sha1-3F5pjL0HkmW8c+A3doGk5Og/YW4=

typescript@3.3.3333:
  version "3.3.3333"
  resolved "https://registry.yarnpkg.com/typescript/-/typescript-3.3.3333.tgz#171b2c5af66c59e9431199117a3bcadc66fdcfd6"
  integrity sha512-JjSKsAfuHBE/fB2oZ8NxtRTk5iGcg6hkYXMnZ3Wc+b2RSqejEqTaem11mHASMnFilHrax3sLK0GDzcJrekZYLw==
